
Microsoft Visual Studio Solution File, Format Version 12.00
# Visual Studio Version 17
VisualStudioVersion = 17.5.33627.172
MinimumVisualStudioVersion = 10.0.40219.1
Project("{FAE04EC0-301F-11D3-BF4B-00C04F79EFBC}") = "ЛБ4", "ЛБ4\ЛБ4.csproj", "{37AA7889-A942-4F37-925B-3F74AD6F6346}"
EndProject
Global
	GlobalSection(SolutionConfigurationPlatforms) = preSolution
		Debug|Any CPU = Debug|Any CPU
		Release|Any CPU = Release|Any CPU
	EndGlobalSection
	GlobalSection(ProjectConfigurationPlatforms) = postSolution
		{37AA7889-A942-4F37-925B-3F74AD6F6346}.Debug|Any CPU.ActiveCfg = Debug|Any CPU
		{37AA7889-A942-4F37-925B-3F74AD6F6346}.Debug|Any CPU.Build.0 = Debug|Any CPU
		{37AA7889-A942-4F37-925B-3F74AD6F6346}.Release|Any CPU.ActiveCfg = Release|Any CPU
		{37AA7889-A942-4F37-925B-3F74AD6F6346}.Release|Any CPU.Build.0 = Release|Any CPU
	EndGlobalSection
	GlobalSection(SolutionProperties) = preSolution
		HideSolutionNode = FALSE
	EndGlobalSection
	GlobalSection(ExtensibilityGlobals) = postSolution
		SolutionGuid = {BF7A9F63-E119-40BD-95F3-673768394135}
	EndGlobalSection
EndGlobal
